# This file is automatically @generated by Cargo.
# It is not intended for manual editing.
[[package]]
name = "bit_range"
version = "0.1.0"
source = "registry+https://github.com/rust-lang/crates.io-index"
checksum = "47549267749a28be41e232e0b118a53315c1caff1fe60ec3e88c708cb9953b53"

[[package]]
name = "mc"
version = "0.1.0"
dependencies = [
 "bit_range",
]
